
Microsoft Visual Studio Solution File, Format Version 11.00
# Visual Studio Version 17

Project("{8BC9CEB8-8B4A-11D0-8D11-00A0C91BC942}") = "palmutes - VST3", "palmutes_VST3.vcxproj", "{DFE4177E-323D-58CC-2524-B4A4BCECA9C1}"
	ProjectSection(ProjectDependencies) = postProject
		{76271090-7161-3EEA-286E-A08FF226F80C} = {76271090-7161-3EEA-286E-A08FF226F80C}
		{1CC251DB-4187-AF97-0429-D5FDEF474F62} = {1CC251DB-4187-AF97-0429-D5FDEF474F62}
	EndProjectSection
EndProject
Project("{8BC9CEB8-8B4A-11D0-8D11-00A0C91BC942}") = "palmutes - Shared Code", "palmutes_SharedCode.vcxproj", "{76271090-7161-3EEA-286E-A08FF226F80C}"
EndProject
Project("{8BC9CEB8-8B4A-11D0-8D11-00A0C91BC942}") = "palmutes - VST3 Manifest Helper", "palmutes_VST3ManifestHelper.vcxproj", "{1CC251DB-4187-AF97-0429-D5FDEF474F62}"
EndProject
Global
	GlobalSection(SolutionConfigurationPlatforms) = preSolution
		Debug|x64 = Debug|x64
		Release|x64 = Release|x64
		Build Configuration|x64 = Build Configuration|x64
	EndGlobalSection
	GlobalSection(ProjectConfigurationPlatforms) = postSolution
		{DFE4177E-323D-58CC-2524-B4A4BCECA9C1}.Debug|x64.ActiveCfg = Debug|x64
		{DFE4177E-323D-58CC-2524-B4A4BCECA9C1}.Debug|x64.Build.0 = Debug|x64
		{DFE4177E-323D-58CC-2524-B4A4BCECA9C1}.Release|x64.ActiveCfg = Release|x64
		{DFE4177E-323D-58CC-2524-B4A4BCECA9C1}.Release|x64.Build.0 = Release|x64
		{DFE4177E-323D-58CC-2524-B4A4BCECA9C1}.Build Configuration|x64.ActiveCfg = Build Configuration|x64
		{DFE4177E-323D-58CC-2524-B4A4BCECA9C1}.Build Configuration|x64.Build.0 = Build Configuration|x64
		{76271090-7161-3EEA-286E-A08FF226F80C}.Debug|x64.ActiveCfg = Debug|x64
		{76271090-7161-3EEA-286E-A08FF226F80C}.Debug|x64.Build.0 = Debug|x64
		{76271090-7161-3EEA-286E-A08FF226F80C}.Release|x64.ActiveCfg = Release|x64
		{76271090-7161-3EEA-286E-A08FF226F80C}.Release|x64.Build.0 = Release|x64
		{76271090-7161-3EEA-286E-A08FF226F80C}.Build Configuration|x64.ActiveCfg = Build Configuration|x64
		{76271090-7161-3EEA-286E-A08FF226F80C}.Build Configuration|x64.Build.0 = Build Configuration|x64
		{1CC251DB-4187-AF97-0429-D5FDEF474F62}.Debug|x64.ActiveCfg = Debug|x64
		{1CC251DB-4187-AF97-0429-D5FDEF474F62}.Debug|x64.Build.0 = Debug|x64
		{1CC251DB-4187-AF97-0429-D5FDEF474F62}.Release|x64.ActiveCfg = Release|x64
		{1CC251DB-4187-AF97-0429-D5FDEF474F62}.Release|x64.Build.0 = Release|x64
		{1CC251DB-4187-AF97-0429-D5FDEF474F62}.Build Configuration|x64.ActiveCfg = Build Configuration|x64
		{1CC251DB-4187-AF97-0429-D5FDEF474F62}.Build Configuration|x64.Build.0 = Build Configuration|x64
	EndGlobalSection
	GlobalSection(SolutionProperties) = preSolution
		HideSolutionNode = FALSE
	EndGlobalSection
EndGlobal
